# THIS IS AN AUTOGENERATED FILE. DO NOT EDIT THIS FILE DIRECTLY.
# yarn lockfile v1


primevue@^3.46.0:
  version "3.46.0"
  resolved "https://registry.yarnpkg.com/primevue/-/primevue-3.46.0.tgz#dbe2f6e8ea02427bf9ef1745cd8ab710254d9fc9"
  integrity sha512-WGprXj9HA+j6gLLDaSxcRRSChIF99ld5fg1D3hYFA7hNiEuON1aqe83gf52vUSw8yjVMtFQ3CMPQSTYhooNwIg==
